
Microsoft Visual Studio Solution File, Format Version 12.00
# Visual Studio Version 17
VisualStudioVersion = 17.10.35122.118
MinimumVisualStudioVersion = 10.0.40219.1
Project("{2150E333-8FDC-42A3-9474-1A3956D46DE8}") = "src", "src", "{98B70625-64A9-4AC0-8667-6E0885F98547}"
EndProject
Project("{2150E333-8FDC-42A3-9474-1A3956D46DE8}") = "Solution Items", "Solution Items", "{55EDD08A-C363-492D-ACEE-92B82EE10964}"
	ProjectSection(SolutionItems) = preProject
		ServiceUrls.txt = ServiceUrls.txt
	EndProjectSection
EndProject
Project("{2150E333-8FDC-42A3-9474-1A3956D46DE8}") = "ApiGateways", "ApiGateways", "{F3E4BEAE-D3E6-4ADA-8510-2135BD4F283F}"
EndProject
Project("{2150E333-8FDC-42A3-9474-1A3956D46DE8}") = "BuildingBlocks", "BuildingBlocks", "{C639D794-D071-4CBC-BF63-F37EEF5AA39B}"
EndProject
Project("{2150E333-8FDC-42A3-9474-1A3956D46DE8}") = "Services", "Services", "{BC47D670-3F6C-4889-8550-40AF00A0DD7B}"
EndProject
Project("{2150E333-8FDC-42A3-9474-1A3956D46DE8}") = "Clients", "Clients", "{8FFFE17A-D018-4CE9-854A-63C11C237851}"
EndProject
Project("{2150E333-8FDC-42A3-9474-1A3956D46DE8}") = "WebApiGateway", "WebApiGateway", "{7D2EA58A-960B-4B93-85CA-86DE920FED92}"
EndProject
Project("{9A19103F-16F7-4668-BE54-9A1E7A4F7556}") = "Web.ApiGateway", "src\ApiGateways\WebApiGateway\Web.ApiGateway\Web.ApiGateway.csproj", "{282BF7E4-263E-4953-834E-51DBAAFAC657}"
EndProject
Project("{2150E333-8FDC-42A3-9474-1A3956D46DE8}") = "EventBus", "EventBus", "{41223C5D-4A7F-4A3C-A0A7-CEE568D18B91}"
EndProject
Project("{9A19103F-16F7-4668-BE54-9A1E7A4F7556}") = "EventBus.Factory", "src\BuildingBlocks\EventBus\EventBus.Factory\EventBus.Factory.csproj", "{4BF46327-13DE-46F4-9AD8-98438DD54ABD}"
EndProject
Project("{9A19103F-16F7-4668-BE54-9A1E7A4F7556}") = "EventBus.AzureServiceBus", "src\BuildingBlocks\EventBus\EventBus.AzureServiceBus\EventBus.AzureServiceBus.csproj", "{7124AC64-A312-455E-840A-E32D22349B21}"
EndProject
Project("{9A19103F-16F7-4668-BE54-9A1E7A4F7556}") = "EventBus.RabbitMQ", "src\BuildingBlocks\EventBus\EventBus.RabbitMQ\EventBus.RabbitMQ.csproj", "{61DC297F-ECA7-401F-9E3E-5531B3F3CEA6}"
EndProject
Project("{2150E333-8FDC-42A3-9474-1A3956D46DE8}") = "BlazorWebApp", "BlazorWebApp", "{9E928D65-4890-4A23-A73A-87A01029CDE8}"
EndProject
Project("{9A19103F-16F7-4668-BE54-9A1E7A4F7556}") = "WebApp", "src\Clients\BlazorWebApp\WebApp\WebApp.csproj", "{57A89701-0643-4569-B5A8-DE686966B440}"
EndProject
Project("{9A19103F-16F7-4668-BE54-9A1E7A4F7556}") = "EventBus.Base", "EventBus.Base\EventBus.Base.csproj", "{93143816-77B4-41F2-AD08-88D04A3F33C7}"
EndProject
Project("{2150E333-8FDC-42A3-9474-1A3956D46DE8}") = "BasketService", "BasketService", "{BC1F814A-BB70-46AB-A4B5-22E39C5A52A6}"
EndProject
Project("{9A19103F-16F7-4668-BE54-9A1E7A4F7556}") = "BasketService.Api", "src\Services\BasketService\BasketService.Api\BasketService.Api.csproj", "{A9A9D2EF-3F07-40E6-82C9-CA19946024F5}"
EndProject
Project("{2150E333-8FDC-42A3-9474-1A3956D46DE8}") = "CatalogService", "CatalogService", "{F995DF01-AFA0-4CD9-9114-B5D8CF47AD08}"
EndProject
Project("{9A19103F-16F7-4668-BE54-9A1E7A4F7556}") = "CatalogService.Api", "src\Services\CatalogService\CatalogService.Api\CatalogService.Api.csproj", "{067FC0EA-515C-47F1-BEF2-422FA97220DC}"
EndProject
Project("{2150E333-8FDC-42A3-9474-1A3956D46DE8}") = "IdentityService", "IdentityService", "{0A7860AB-52DB-457C-8896-C6560AB3D0A4}"
EndProject
Project("{9A19103F-16F7-4668-BE54-9A1E7A4F7556}") = "IdentityService.Api", "src\Services\IdentityService\IdentityService.Api\IdentityService.Api.csproj", "{1AC38DE9-55BF-47B0-927D-10B52DE76B76}"
EndProject
Project("{2150E333-8FDC-42A3-9474-1A3956D46DE8}") = "NotificationService", "NotificationService", "{18A510AA-E209-43F0-A39A-AC59160AAF6A}"
EndProject
Project("{9A19103F-16F7-4668-BE54-9A1E7A4F7556}") = "NotificationService", "src\Services\NotificationService\NotificationService\NotificationService.csproj", "{89DCF94D-A8CE-4C1F-A3C0-9047F3D75155}"
EndProject
Project("{2150E333-8FDC-42A3-9474-1A3956D46DE8}") = "OrderService", "OrderService", "{0AAEE759-B17E-4498-B08B-F927474D5BB2}"
EndProject
Project("{9A19103F-16F7-4668-BE54-9A1E7A4F7556}") = "OrderService.Domain", "src\Services\OrderService\OrderService.Domain\OrderService.Domain.csproj", "{22A80AA1-0FD0-4DF4-AE15-9BA4073F0CA5}"
EndProject
Project("{9A19103F-16F7-4668-BE54-9A1E7A4F7556}") = "OrderService.Application", "src\Services\OrderService\OrderService.Application\OrderService.Application.csproj", "{52E1182D-E21C-42E4-BADC-DAF9C64D4203}"
EndProject
Project("{9A19103F-16F7-4668-BE54-9A1E7A4F7556}") = "OrderService.Infrastructure", "src\Services\OrderService\OrderService.Infrastructure\OrderService.Infrastructure.csproj", "{50112F93-C972-4D89-A1A4-F1A37EDFF035}"
EndProject
Project("{9A19103F-16F7-4668-BE54-9A1E7A4F7556}") = "OrderService.Api", "src\Services\OrderService\OrderService.Api\OrderService.Api.csproj", "{67AF3AFE-9C96-47CA-ACF2-E869A01FA0A7}"
EndProject
Project("{2150E333-8FDC-42A3-9474-1A3956D46DE8}") = "PaymentService", "PaymentService", "{F3331D9E-8F32-4B00-A5A0-90E5780C77B9}"
EndProject
Project("{9A19103F-16F7-4668-BE54-9A1E7A4F7556}") = "PaymentService.Api", "src\Services\PaymentService\PaymentService.Api\PaymentService.Api.csproj", "{D03D7B4B-5749-47BB-9576-AD2B398AFE14}"
EndProject
Project("{2150E333-8FDC-42A3-9474-1A3956D46DE8}") = "tests", "tests", "{28913026-3017-4DE4-8BBF-7FB96FD6BCCB}"
EndProject
Project("{2150E333-8FDC-42A3-9474-1A3956D46DE8}") = "BuildingBlocks", "BuildingBlocks", "{F1A0C156-26BE-409E-B50F-71C9840CC640}"
EndProject
Project("{9A19103F-16F7-4668-BE54-9A1E7A4F7556}") = "EventBus.UnitTest", "tests\BuildingBlocks\EventBus.UnitTest\EventBus.UnitTest.csproj", "{E31EEFCE-12B2-4F42-B31F-10499C62AC10}"
EndProject
Global
	GlobalSection(SolutionConfigurationPlatforms) = preSolution
		Debug|Any CPU = Debug|Any CPU
		Release|Any CPU = Release|Any CPU
	EndGlobalSection
	GlobalSection(ProjectConfigurationPlatforms) = postSolution
		{282BF7E4-263E-4953-834E-51DBAAFAC657}.Debug|Any CPU.ActiveCfg = Debug|Any CPU
		{282BF7E4-263E-4953-834E-51DBAAFAC657}.Debug|Any CPU.Build.0 = Debug|Any CPU
		{282BF7E4-263E-4953-834E-51DBAAFAC657}.Release|Any CPU.ActiveCfg = Release|Any CPU
		{282BF7E4-263E-4953-834E-51DBAAFAC657}.Release|Any CPU.Build.0 = Release|Any CPU
		{4BF46327-13DE-46F4-9AD8-98438DD54ABD}.Debug|Any CPU.ActiveCfg = Debug|Any CPU
		{4BF46327-13DE-46F4-9AD8-98438DD54ABD}.Debug|Any CPU.Build.0 = Debug|Any CPU
		{4BF46327-13DE-46F4-9AD8-98438DD54ABD}.Release|Any CPU.ActiveCfg = Release|Any CPU
		{4BF46327-13DE-46F4-9AD8-98438DD54ABD}.Release|Any CPU.Build.0 = Release|Any CPU
		{7124AC64-A312-455E-840A-E32D22349B21}.Debug|Any CPU.ActiveCfg = Debug|Any CPU
		{7124AC64-A312-455E-840A-E32D22349B21}.Debug|Any CPU.Build.0 = Debug|Any CPU
		{7124AC64-A312-455E-840A-E32D22349B21}.Release|Any CPU.ActiveCfg = Release|Any CPU
		{7124AC64-A312-455E-840A-E32D22349B21}.Release|Any CPU.Build.0 = Release|Any CPU
		{61DC297F-ECA7-401F-9E3E-5531B3F3CEA6}.Debug|Any CPU.ActiveCfg = Debug|Any CPU
		{61DC297F-ECA7-401F-9E3E-5531B3F3CEA6}.Debug|Any CPU.Build.0 = Debug|Any CPU
		{61DC297F-ECA7-401F-9E3E-5531B3F3CEA6}.Release|Any CPU.ActiveCfg = Release|Any CPU
		{61DC297F-ECA7-401F-9E3E-5531B3F3CEA6}.Release|Any CPU.Build.0 = Release|Any CPU
		{57A89701-0643-4569-B5A8-DE686966B440}.Debug|Any CPU.ActiveCfg = Debug|Any CPU
		{57A89701-0643-4569-B5A8-DE686966B440}.Debug|Any CPU.Build.0 = Debug|Any CPU
		{57A89701-0643-4569-B5A8-DE686966B440}.Release|Any CPU.ActiveCfg = Release|Any CPU
		{57A89701-0643-4569-B5A8-DE686966B440}.Release|Any CPU.Build.0 = Release|Any CPU
		{93143816-77B4-41F2-AD08-88D04A3F33C7}.Debug|Any CPU.ActiveCfg = Debug|Any CPU
		{93143816-77B4-41F2-AD08-88D04A3F33C7}.Debug|Any CPU.Build.0 = Debug|Any CPU
		{93143816-77B4-41F2-AD08-88D04A3F33C7}.Release|Any CPU.ActiveCfg = Release|Any CPU
		{93143816-77B4-41F2-AD08-88D04A3F33C7}.Release|Any CPU.Build.0 = Release|Any CPU
		{A9A9D2EF-3F07-40E6-82C9-CA19946024F5}.Debug|Any CPU.ActiveCfg = Debug|Any CPU
		{A9A9D2EF-3F07-40E6-82C9-CA19946024F5}.Debug|Any CPU.Build.0 = Debug|Any CPU
		{A9A9D2EF-3F07-40E6-82C9-CA19946024F5}.Release|Any CPU.ActiveCfg = Release|Any CPU
		{A9A9D2EF-3F07-40E6-82C9-CA19946024F5}.Release|Any CPU.Build.0 = Release|Any CPU
		{067FC0EA-515C-47F1-BEF2-422FA97220DC}.Debug|Any CPU.ActiveCfg = Debug|Any CPU
		{067FC0EA-515C-47F1-BEF2-422FA97220DC}.Debug|Any CPU.Build.0 = Debug|Any CPU
		{067FC0EA-515C-47F1-BEF2-422FA97220DC}.Release|Any CPU.ActiveCfg = Release|Any CPU
		{067FC0EA-515C-47F1-BEF2-422FA97220DC}.Release|Any CPU.Build.0 = Release|Any CPU
		{1AC38DE9-55BF-47B0-927D-10B52DE76B76}.Debug|Any CPU.ActiveCfg = Debug|Any CPU
		{1AC38DE9-55BF-47B0-927D-10B52DE76B76}.Debug|Any CPU.Build.0 = Debug|Any CPU
		{1AC38DE9-55BF-47B0-927D-10B52DE76B76}.Release|Any CPU.ActiveCfg = Release|Any CPU
		{1AC38DE9-55BF-47B0-927D-10B52DE76B76}.Release|Any CPU.Build.0 = Release|Any CPU
		{89DCF94D-A8CE-4C1F-A3C0-9047F3D75155}.Debug|Any CPU.ActiveCfg = Debug|Any CPU
		{89DCF94D-A8CE-4C1F-A3C0-9047F3D75155}.Debug|Any CPU.Build.0 = Debug|Any CPU
		{89DCF94D-A8CE-4C1F-A3C0-9047F3D75155}.Release|Any CPU.ActiveCfg = Release|Any CPU
		{89DCF94D-A8CE-4C1F-A3C0-9047F3D75155}.Release|Any CPU.Build.0 = Release|Any CPU
		{22A80AA1-0FD0-4DF4-AE15-9BA4073F0CA5}.Debug|Any CPU.ActiveCfg = Debug|Any CPU
		{22A80AA1-0FD0-4DF4-AE15-9BA4073F0CA5}.Debug|Any CPU.Build.0 = Debug|Any CPU
		{22A80AA1-0FD0-4DF4-AE15-9BA4073F0CA5}.Release|Any CPU.ActiveCfg = Release|Any CPU
		{22A80AA1-0FD0-4DF4-AE15-9BA4073F0CA5}.Release|Any CPU.Build.0 = Release|Any CPU
		{52E1182D-E21C-42E4-BADC-DAF9C64D4203}.Debug|Any CPU.ActiveCfg = Debug|Any CPU
		{52E1182D-E21C-42E4-BADC-DAF9C64D4203}.Debug|Any CPU.Build.0 = Debug|Any CPU
		{52E1182D-E21C-42E4-BADC-DAF9C64D4203}.Release|Any CPU.ActiveCfg = Release|Any CPU
		{52E1182D-E21C-42E4-BADC-DAF9C64D4203}.Release|Any CPU.Build.0 = Release|Any CPU
		{50112F93-C972-4D89-A1A4-F1A37EDFF035}.Debug|Any CPU.ActiveCfg = Debug|Any CPU
		{50112F93-C972-4D89-A1A4-F1A37EDFF035}.Debug|Any CPU.Build.0 = Debug|Any CPU
		{50112F93-C972-4D89-A1A4-F1A37EDFF035}.Release|Any CPU.ActiveCfg = Release|Any CPU
		{50112F93-C972-4D89-A1A4-F1A37EDFF035}.Release|Any CPU.Build.0 = Release|Any CPU
		{67AF3AFE-9C96-47CA-ACF2-E869A01FA0A7}.Debug|Any CPU.ActiveCfg = Debug|Any CPU
		{67AF3AFE-9C96-47CA-ACF2-E869A01FA0A7}.Debug|Any CPU.Build.0 = Debug|Any CPU
		{67AF3AFE-9C96-47CA-ACF2-E869A01FA0A7}.Release|Any CPU.ActiveCfg = Release|Any CPU
		{67AF3AFE-9C96-47CA-ACF2-E869A01FA0A7}.Release|Any CPU.Build.0 = Release|Any CPU
		{D03D7B4B-5749-47BB-9576-AD2B398AFE14}.Debug|Any CPU.ActiveCfg = Debug|Any CPU
		{D03D7B4B-5749-47BB-9576-AD2B398AFE14}.Debug|Any CPU.Build.0 = Debug|Any CPU
		{D03D7B4B-5749-47BB-9576-AD2B398AFE14}.Release|Any CPU.ActiveCfg = Release|Any CPU
		{D03D7B4B-5749-47BB-9576-AD2B398AFE14}.Release|Any CPU.Build.0 = Release|Any CPU
		{E31EEFCE-12B2-4F42-B31F-10499C62AC10}.Debug|Any CPU.ActiveCfg = Debug|Any CPU
		{E31EEFCE-12B2-4F42-B31F-10499C62AC10}.Debug|Any CPU.Build.0 = Debug|Any CPU
		{E31EEFCE-12B2-4F42-B31F-10499C62AC10}.Release|Any CPU.ActiveCfg = Release|Any CPU
		{E31EEFCE-12B2-4F42-B31F-10499C62AC10}.Release|Any CPU.Build.0 = Release|Any CPU
	EndGlobalSection
	GlobalSection(SolutionProperties) = preSolution
		HideSolutionNode = FALSE
	EndGlobalSection
	GlobalSection(NestedProjects) = preSolution
		{F3E4BEAE-D3E6-4ADA-8510-2135BD4F283F} = {98B70625-64A9-4AC0-8667-6E0885F98547}
		{C639D794-D071-4CBC-BF63-F37EEF5AA39B} = {98B70625-64A9-4AC0-8667-6E0885F98547}
		{BC47D670-3F6C-4889-8550-40AF00A0DD7B} = {98B70625-64A9-4AC0-8667-6E0885F98547}
		{8FFFE17A-D018-4CE9-854A-63C11C237851} = {98B70625-64A9-4AC0-8667-6E0885F98547}
		{7D2EA58A-960B-4B93-85CA-86DE920FED92} = {F3E4BEAE-D3E6-4ADA-8510-2135BD4F283F}
		{282BF7E4-263E-4953-834E-51DBAAFAC657} = {7D2EA58A-960B-4B93-85CA-86DE920FED92}
		{41223C5D-4A7F-4A3C-A0A7-CEE568D18B91} = {C639D794-D071-4CBC-BF63-F37EEF5AA39B}
		{4BF46327-13DE-46F4-9AD8-98438DD54ABD} = {41223C5D-4A7F-4A3C-A0A7-CEE568D18B91}
		{7124AC64-A312-455E-840A-E32D22349B21} = {41223C5D-4A7F-4A3C-A0A7-CEE568D18B91}
		{61DC297F-ECA7-401F-9E3E-5531B3F3CEA6} = {41223C5D-4A7F-4A3C-A0A7-CEE568D18B91}
		{9E928D65-4890-4A23-A73A-87A01029CDE8} = {8FFFE17A-D018-4CE9-854A-63C11C237851}
		{57A89701-0643-4569-B5A8-DE686966B440} = {9E928D65-4890-4A23-A73A-87A01029CDE8}
		{93143816-77B4-41F2-AD08-88D04A3F33C7} = {41223C5D-4A7F-4A3C-A0A7-CEE568D18B91}
		{BC1F814A-BB70-46AB-A4B5-22E39C5A52A6} = {BC47D670-3F6C-4889-8550-40AF00A0DD7B}
		{A9A9D2EF-3F07-40E6-82C9-CA19946024F5} = {BC1F814A-BB70-46AB-A4B5-22E39C5A52A6}
		{F995DF01-AFA0-4CD9-9114-B5D8CF47AD08} = {BC47D670-3F6C-4889-8550-40AF00A0DD7B}
		{067FC0EA-515C-47F1-BEF2-422FA97220DC} = {F995DF01-AFA0-4CD9-9114-B5D8CF47AD08}
		{0A7860AB-52DB-457C-8896-C6560AB3D0A4} = {BC47D670-3F6C-4889-8550-40AF00A0DD7B}
		{1AC38DE9-55BF-47B0-927D-10B52DE76B76} = {0A7860AB-52DB-457C-8896-C6560AB3D0A4}
		{18A510AA-E209-43F0-A39A-AC59160AAF6A} = {BC47D670-3F6C-4889-8550-40AF00A0DD7B}
		{89DCF94D-A8CE-4C1F-A3C0-9047F3D75155} = {18A510AA-E209-43F0-A39A-AC59160AAF6A}
		{0AAEE759-B17E-4498-B08B-F927474D5BB2} = {BC47D670-3F6C-4889-8550-40AF00A0DD7B}
		{22A80AA1-0FD0-4DF4-AE15-9BA4073F0CA5} = {0AAEE759-B17E-4498-B08B-F927474D5BB2}
		{52E1182D-E21C-42E4-BADC-DAF9C64D4203} = {0AAEE759-B17E-4498-B08B-F927474D5BB2}
		{50112F93-C972-4D89-A1A4-F1A37EDFF035} = {0AAEE759-B17E-4498-B08B-F927474D5BB2}
		{67AF3AFE-9C96-47CA-ACF2-E869A01FA0A7} = {0AAEE759-B17E-4498-B08B-F927474D5BB2}
		{F3331D9E-8F32-4B00-A5A0-90E5780C77B9} = {BC47D670-3F6C-4889-8550-40AF00A0DD7B}
		{D03D7B4B-5749-47BB-9576-AD2B398AFE14} = {F3331D9E-8F32-4B00-A5A0-90E5780C77B9}
		{F1A0C156-26BE-409E-B50F-71C9840CC640} = {28913026-3017-4DE4-8BBF-7FB96FD6BCCB}
		{E31EEFCE-12B2-4F42-B31F-10499C62AC10} = {F1A0C156-26BE-409E-B50F-71C9840CC640}
	EndGlobalSection
	GlobalSection(ExtensibilityGlobals) = postSolution
		SolutionGuid = {92F6E8EC-330D-458E-8DF0-C6FB8EF55A93}
	EndGlobalSection
EndGlobal
